
Microsoft Visual Studio Solution File, Format Version 11.00
# Visual C++ Express 2010
Project("{8BC9CEB8-8B4A-11D0-8D11-00A0C91BC942}") = "6y6ykaEngine", "6y6ykaEngine.vcxproj", "{4AFD31E2-0F8F-437F-A4EB-25509F8145F8}"
EndProject
Global
	GlobalSection(SolutionConfigurationPlatforms) = preSolution
		Debug|Win32 = Debug|Win32
		Release|Win32 = Release|Win32
	EndGlobalSection
	GlobalSection(ProjectConfigurationPlatforms) = postSolution
		{4AFD31E2-0F8F-437F-A4EB-25509F8145F8}.Debug|Win32.ActiveCfg = Debug|Win32
		{4AFD31E2-0F8F-437F-A4EB-25509F8145F8}.Debug|Win32.Build.0 = Debug|Win32
		{4AFD31E2-0F8F-437F-A4EB-25509F8145F8}.Release|Win32.ActiveCfg = Release|Win32
		{4AFD31E2-0F8F-437F-A4EB-25509F8145F8}.Release|Win32.Build.0 = Release|Win32
	EndGlobalSection
	GlobalSection(SolutionProperties) = preSolution
		HideSolutionNode = FALSE
	EndGlobalSection
EndGlobal
